// !$*UTF8*$!
{
	archiveVersion = 1;
	classes = {
	};
	objectVersion = 50;
	objects = {

/* Begin PBXBuildFile section */
		9E99AACD25F9C21D00FC19BD /* LandmarkRow.swift in Sources */ = {isa = PBXBuildFile; fileRef = 9E99AACC25F9C21D00FC19BD /* LandmarkRow.swift */; };
		9E99AAD625FAB7FC00FC19BD /* HexagonParameters.swift in Sources */ = {isa = PBXBuildFile; fileRef = 9E99AAD525FAB7FC00FC19BD /* HexagonParameters.swift */; };
		9E99AADB25FABD0C00FC19BD /* BadgeBackground.swift in Sources */ = {isa = PBXBuildFile; fileRef = 9E99AADA25FABD0C00FC19BD /* BadgeBackground.swift */; };
		9E99AAE025FB340B00FC19BD /* BadgeSymbol.swift in Sources */ = {isa = PBXBuildFile; fileRef = 9E99AADF25FB340B00FC19BD /* BadgeSymbol.swift */; };
		9E99AAE525FB351000FC19BD /* RotatedBadgeSymbol.swift in Sources */ = {isa = PBXBuildFile; fileRef = 9E99AAE425FB351000FC19BD /* RotatedBadgeSymbol.swift */; };
		9E99AAED25FC19CA00FC19BD /* Badge.swift in Sources */ = {isa = PBXBuildFile; fileRef = 9E99AAEC25FC19CA00FC19BD /* Badge.swift */; };
		9E99AAF925FC1DE100FC19BD /* hikeData.json in Resources */ = {isa = PBXBuildFile; fileRef = 9E99AAF825FC1DE100FC19BD /* hikeData.json */; };
		9E99AAFE25FC1E2A00FC19BD /* Hike.swift in Sources */ = {isa = PBXBuildFile; fileRef = 9E99AAFD25FC1E2A00FC19BD /* Hike.swift */; };
		9E99AB0725FC235400FC19BD /* GraphCapsule.swift in Sources */ = {isa = PBXBuildFile; fileRef = 9E99AB0325FC235400FC19BD /* GraphCapsule.swift */; };
		9E99AB0825FC235400FC19BD /* HikeGraph.swift in Sources */ = {isa = PBXBuildFile; fileRef = 9E99AB0425FC235400FC19BD /* HikeGraph.swift */; };
		9E99AB0925FC235400FC19BD /* HikeDetail.swift in Sources */ = {isa = PBXBuildFile; fileRef = 9E99AB0525FC235400FC19BD /* HikeDetail.swift */; };
		9E99AB0A25FC235400FC19BD /* HikeView.swift in Sources */ = {isa = PBXBuildFile; fileRef = 9E99AB0625FC235400FC19BD /* HikeView.swift */; };
		9EA7C6B225FC88820001D6E7 /* CategoryHome.swift in Sources */ = {isa = PBXBuildFile; fileRef = 9EA7C6B125FC88820001D6E7 /* CategoryHome.swift */; };
		9EA7C6BA25FC8C920001D6E7 /* CategoryRow.swift in Sources */ = {isa = PBXBuildFile; fileRef = 9EA7C6B925FC8C920001D6E7 /* CategoryRow.swift */; };
		9EA7C6BF25FC8E650001D6E7 /* CategoryItem.swift in Sources */ = {isa = PBXBuildFile; fileRef = 9EA7C6BE25FC8E650001D6E7 /* CategoryItem.swift */; };
		9EA7C6C425FC946B0001D6E7 /* Profile.swift in Sources */ = {isa = PBXBuildFile; fileRef = 9EA7C6C325FC946B0001D6E7 /* Profile.swift */; };
		9EA7C6CA25FC95E00001D6E7 /* ProfileHost.swift in Sources */ = {isa = PBXBuildFile; fileRef = 9EA7C6C925FC95E00001D6E7 /* ProfileHost.swift */; };
		9EA7C6CF25FC96510001D6E7 /* ProfileSummary.swift in Sources */ = {isa = PBXBuildFile; fileRef = 9EA7C6CE25FC96510001D6E7 /* ProfileSummary.swift */; };
		9EA7C6D425FC97E10001D6E7 /* HikeBadge.swift in Sources */ = {isa = PBXBuildFile; fileRef = 9EA7C6D325FC97E10001D6E7 /* HikeBadge.swift */; };
		9EA7C6D925FC9EBF0001D6E7 /* ProfileEditor.swift in Sources */ = {isa = PBXBuildFile; fileRef = 9EA7C6D825FC9EBF0001D6E7 /* ProfileEditor.swift */; };
		9EA7C6DF25FFE7420001D6E7 /* PageViewController.swift in Sources */ = {isa = PBXBuildFile; fileRef = 9EA7C6DE25FFE7420001D6E7 /* PageViewController.swift */; };
		9EA7C6E7260000690001D6E7 /* FeatureCard.swift in Sources */ = {isa = PBXBuildFile; fileRef = 9EA7C6E6260000690001D6E7 /* FeatureCard.swift */; };
		9EA7C6EC260003690001D6E7 /* PageView.swift in Sources */ = {isa = PBXBuildFile; fileRef = 9EA7C6EB260003690001D6E7 /* PageView.swift */; };
		9EA7C6F126015F590001D6E7 /* PageControl.swift in Sources */ = {isa = PBXBuildFile; fileRef = 9EA7C6F026015F590001D6E7 /* PageControl.swift */; };
		9EB17D1A25F8655F00DDE1C9 /* LandmarksApp.swift in Sources */ = {isa = PBXBuildFile; fileRef = 9EB17D1925F8655F00DDE1C9 /* LandmarksApp.swift */; };
		9EB17D1C25F8655F00DDE1C9 /* ContentView.swift in Sources */ = {isa = PBXBuildFile; fileRef = 9EB17D1B25F8655F00DDE1C9 /* ContentView.swift */; };
		9EB17D1E25F8656000DDE1C9 /* Assets.xcassets in Resources */ = {isa = PBXBuildFile; fileRef = 9EB17D1D25F8656000DDE1C9 /* Assets.xcassets */; };
		9EB17D2125F8656000DDE1C9 /* Preview Assets.xcassets in Resources */ = {isa = PBXBuildFile; fileRef = 9EB17D2025F8656000DDE1C9 /* Preview Assets.xcassets */; };
		9EB17D2C25F8656000DDE1C9 /* LandmarksTests.swift in Sources */ = {isa = PBXBuildFile; fileRef = 9EB17D2B25F8656000DDE1C9 /* LandmarksTests.swift */; };
		9EB17D3725F8656000DDE1C9 /* LandmarksUITests.swift in Sources */ = {isa = PBXBuildFile; fileRef = 9EB17D3625F8656000DDE1C9 /* LandmarksUITests.swift */; };
		9EB17D5025F939D500DDE1C9 /* CircleImage.swift in Sources */ = {isa = PBXBuildFile; fileRef = 9EB17D4F25F939D500DDE1C9 /* CircleImage.swift */; };
		9EB17D5825F93AC300DDE1C9 /* MapView.swift in Sources */ = {isa = PBXBuildFile; fileRef = 9EB17D5725F93AC300DDE1C9 /* MapView.swift */; };
		9ECBA4DC25F95A2F006E4D0B /* landmarkData.json in Resources */ = {isa = PBXBuildFile; fileRef = 9ECBA4DB25F95A2F006E4D0B /* landmarkData.json */; };
		9ECBA4E125F95A4E006E4D0B /* Landmark.swift in Sources */ = {isa = PBXBuildFile; fileRef = 9ECBA4E025F95A4E006E4D0B /* Landmark.swift */; };
		9ECBA4E625F95FB9006E4D0B /* ModelData.swift in Sources */ = {isa = PBXBuildFile; fileRef = 9ECBA4E525F95FB9006E4D0B /* ModelData.swift */; };
		9ECBA4FF25F967D1006E4D0B /* LandmarkList.swift in Sources */ = {isa = PBXBuildFile; fileRef = 9ECBA4FE25F967D1006E4D0B /* LandmarkList.swift */; };
		9ECBA50425F968F5006E4D0B /* LandmarkDetail.swift in Sources */ = {isa = PBXBuildFile; fileRef = 9ECBA50325F968F5006E4D0B /* LandmarkDetail.swift */; };
		9ECBA50925F9BF98006E4D0B /* FavoriteButton.swift in Sources */ = {isa = PBXBuildFile; fileRef = 9ECBA50825F9BF98006E4D0B /* FavoriteButton.swift */; };
/* End PBXBuildFile section */

/* Begin PBXContainerItemProxy section */
		9EB17D2825F8656000DDE1C9 /* PBXContainerItemProxy */ = {
			isa = PBXContainerItemProxy;
			containerPortal = 9EB17D0E25F8655F00DDE1C9 /* Project object */;
			proxyType = 1;
			remoteGlobalIDString = 9EB17D1525F8655F00DDE1C9;
			remoteInfo = Landmarks;
		};
		9EB17D3325F8656000DDE1C9 /* PBXContainerItemProxy */ = {
			isa = PBXContainerItemProxy;
			containerPortal = 9EB17D0E25F8655F00DDE1C9 /* Project object */;
			proxyType = 1;
			remoteGlobalIDString = 9EB17D1525F8655F00DDE1C9;
			remoteInfo = Landmarks;
		};
/* End PBXContainerItemProxy section */

/* Begin PBXFileReference section */
		9E99AACC25F9C21D00FC19BD /* LandmarkRow.swift */ = {isa = PBXFileReference; fileEncoding = 4; lastKnownFileType = sourcecode.swift; path = LandmarkRow.swift; sourceTree = "<group>"; };
		9E99AAD525FAB7FC00FC19BD /* HexagonParameters.swift */ = {isa = PBXFileReference; lastKnownFileType = sourcecode.swift; path = HexagonParameters.swift; sourceTree = "<group>"; };
		9E99AADA25FABD0C00FC19BD /* BadgeBackground.swift */ = {isa = PBXFileReference; lastKnownFileType = sourcecode.swift; path = BadgeBackground.swift; sourceTree = "<group>"; };
		9E99AADF25FB340B00FC19BD /* BadgeSymbol.swift */ = {isa = PBXFileReference; lastKnownFileType = sourcecode.swift; path = BadgeSymbol.swift; sourceTree = "<group>"; };
		9E99AAE425FB351000FC19BD /* RotatedBadgeSymbol.swift */ = {isa = PBXFileReference; lastKnownFileType = sourcecode.swift; name = RotatedBadgeSymbol.swift; path = Landmarks/Views/Badge/RotatedBadgeSymbol.swift; sourceTree = SOURCE_ROOT; };
		9E99AAEC25FC19CA00FC19BD /* Badge.swift */ = {isa = PBXFileReference; lastKnownFileType = sourcecode.swift; path = Badge.swift; sourceTree = "<group>"; };
		9E99AAF825FC1DE100FC19BD /* hikeData.json */ = {isa = PBXFileReference; fileEncoding = 4; lastKnownFileType = text.json; path = hikeData.json; sourceTree = "<group>"; };
		9E99AAFD25FC1E2A00FC19BD /* Hike.swift */ = {isa = PBXFileReference; lastKnownFileType = sourcecode.swift; name = Hike.swift; path = Landmarks/Hike.swift; sourceTree = SOURCE_ROOT; };
		9E99AB0325FC235400FC19BD /* GraphCapsule.swift */ = {isa = PBXFileReference; fileEncoding = 4; lastKnownFileType = sourcecode.swift; path = GraphCapsule.swift; sourceTree = "<group>"; };
		9E99AB0425FC235400FC19BD /* HikeGraph.swift */ = {isa = PBXFileReference; fileEncoding = 4; lastKnownFileType = sourcecode.swift; path = HikeGraph.swift; sourceTree = "<group>"; };
		9E99AB0525FC235400FC19BD /* HikeDetail.swift */ = {isa = PBXFileReference; fileEncoding = 4; lastKnownFileType = sourcecode.swift; path = HikeDetail.swift; sourceTree = "<group>"; };
		9E99AB0625FC235400FC19BD /* HikeView.swift */ = {isa = PBXFileReference; fileEncoding = 4; lastKnownFileType = sourcecode.swift; path = HikeView.swift; sourceTree = "<group>"; };
		9EA7C6B125FC88820001D6E7 /* CategoryHome.swift */ = {isa = PBXFileReference; lastKnownFileType = sourcecode.swift; path = CategoryHome.swift; sourceTree = "<group>"; };
		9EA7C6B925FC8C920001D6E7 /* CategoryRow.swift */ = {isa = PBXFileReference; lastKnownFileType = sourcecode.swift; path = CategoryRow.swift; sourceTree = "<group>"; };
		9EA7C6BE25FC8E650001D6E7 /* CategoryItem.swift */ = {isa = PBXFileReference; lastKnownFileType = sourcecode.swift; path = CategoryItem.swift; sourceTree = "<group>"; };
		9EA7C6C325FC946B0001D6E7 /* Profile.swift */ = {isa = PBXFileReference; lastKnownFileType = sourcecode.swift; path = Profile.swift; sourceTree = "<group>"; };
		9EA7C6C925FC95E00001D6E7 /* ProfileHost.swift */ = {isa = PBXFileReference; lastKnownFileType = sourcecode.swift; path = ProfileHost.swift; sourceTree = "<group>"; };
		9EA7C6CE25FC96510001D6E7 /* ProfileSummary.swift */ = {isa = PBXFileReference; lastKnownFileType = sourcecode.swift; path = ProfileSummary.swift; sourceTree = "<group>"; };
		9EA7C6D325FC97E10001D6E7 /* HikeBadge.swift */ = {isa = PBXFileReference; lastKnownFileType = sourcecode.swift; path = HikeBadge.swift; sourceTree = "<group>"; };
		9EA7C6D825FC9EBF0001D6E7 /* ProfileEditor.swift */ = {isa = PBXFileReference; lastKnownFileType = sourcecode.swift; path = ProfileEditor.swift; sourceTree = "<group>"; };
		9EA7C6DE25FFE7420001D6E7 /* PageViewController.swift */ = {isa = PBXFileReference; lastKnownFileType = sourcecode.swift; path = PageViewController.swift; sourceTree = "<group>"; };
		9EA7C6E6260000690001D6E7 /* FeatureCard.swift */ = {isa = PBXFileReference; lastKnownFileType = sourcecode.swift; path = FeatureCard.swift; sourceTree = "<group>"; };
		9EA7C6EB260003690001D6E7 /* PageView.swift */ = {isa = PBXFileReference; lastKnownFileType = sourcecode.swift; path = PageView.swift; sourceTree = "<group>"; };
		9EA7C6F026015F590001D6E7 /* PageControl.swift */ = {isa = PBXFileReference; lastKnownFileType = sourcecode.swift; path = PageControl.swift; sourceTree = "<group>"; };
		9EB17D1625F8655F00DDE1C9 /* Landmarks.app */ = {isa = PBXFileReference; explicitFileType = wrapper.application; includeInIndex = 0; path = Landmarks.app; sourceTree = BUILT_PRODUCTS_DIR; };
		9EB17D1925F8655F00DDE1C9 /* LandmarksApp.swift */ = {isa = PBXFileReference; lastKnownFileType = sourcecode.swift; path = LandmarksApp.swift; sourceTree = "<group>"; };
		9EB17D1B25F8655F00DDE1C9 /* ContentView.swift */ = {isa = PBXFileReference; lastKnownFileType = sourcecode.swift; path = ContentView.swift; sourceTree = "<group>"; };
		9EB17D1D25F8656000DDE1C9 /* Assets.xcassets */ = {isa = PBXFileReference; lastKnownFileType = folder.assetcatalog; path = Assets.xcassets; sourceTree = "<group>"; };
		9EB17D2025F8656000DDE1C9 /* Preview Assets.xcassets */ = {isa = PBXFileReference; lastKnownFileType = folder.assetcatalog; path = "Preview Assets.xcassets"; sourceTree = "<group>"; };
		9EB17D2225F8656000DDE1C9 /* Info.plist */ = {isa = PBXFileReference; lastKnownFileType = text.plist.xml; path = Info.plist; sourceTree = "<group>"; };
		9EB17D2725F8656000DDE1C9 /* LandmarksTests.xctest */ = {isa = PBXFileReference; explicitFileType = wrapper.cfbundle; includeInIndex = 0; path = LandmarksTests.xctest; sourceTree = BUILT_PRODUCTS_DIR; };
		9EB17D2B25F8656000DDE1C9 /* LandmarksTests.swift */ = {isa = PBXFileReference; lastKnownFileType = sourcecode.swift; path = LandmarksTests.swift; sourceTree = "<group>"; };
		9EB17D2D25F8656000DDE1C9 /* Info.plist */ = {isa = PBXFileReference; lastKnownFileType = text.plist.xml; path = Info.plist; sourceTree = "<group>"; };
		9EB17D3225F8656000DDE1C9 /* LandmarksUITests.xctest */ = {isa = PBXFileReference; explicitFileType = wrapper.cfbundle; includeInIndex = 0; path = LandmarksUITests.xctest; sourceTree = BUILT_PRODUCTS_DIR; };
		9EB17D3625F8656000DDE1C9 /* LandmarksUITests.swift */ = {isa = PBXFileReference; lastKnownFileType = sourcecode.swift; path = LandmarksUITests.swift; sourceTree = "<group>"; };
		9EB17D3825F8656000DDE1C9 /* Info.plist */ = {isa = PBXFileReference; lastKnownFileType = text.plist.xml; path = Info.plist; sourceTree = "<group>"; };
		9EB17D4F25F939D500DDE1C9 /* CircleImage.swift */ = {isa = PBXFileReference; lastKnownFileType = sourcecode.swift; path = CircleImage.swift; sourceTree = "<group>"; };
		9EB17D5725F93AC300DDE1C9 /* MapView.swift */ = {isa = PBXFileReference; lastKnownFileType = sourcecode.swift; path = MapView.swift; sourceTree = "<group>"; };
		9ECBA4DB25F95A2F006E4D0B /* landmarkData.json */ = {isa = PBXFileReference; fileEncoding = 4; lastKnownFileType = text.json; path = landmarkData.json; sourceTree = "<group>"; };
		9ECBA4E025F95A4E006E4D0B /* Landmark.swift */ = {isa = PBXFileReference; lastKnownFileType = sourcecode.swift; path = Landmark.swift; sourceTree = "<group>"; };
		9ECBA4E525F95FB9006E4D0B /* ModelData.swift */ = {isa = PBXFileReference; lastKnownFileType = sourcecode.swift; path = ModelData.swift; sourceTree = "<group>"; };
		9ECBA4FE25F967D1006E4D0B /* LandmarkList.swift */ = {isa = PBXFileReference; lastKnownFileType = sourcecode.swift; path = LandmarkList.swift; sourceTree = "<group>"; };
		9ECBA50325F968F5006E4D0B /* LandmarkDetail.swift */ = {isa = PBXFileReference; lastKnownFileType = sourcecode.swift; path = LandmarkDetail.swift; sourceTree = "<group>"; };
		9ECBA50825F9BF98006E4D0B /* FavoriteButton.swift */ = {isa = PBXFileReference; lastKnownFileType = sourcecode.swift; path = FavoriteButton.swift; sourceTree = "<group>"; };
/* End PBXFileReference section */

/* Begin PBXFrameworksBuildPhase section */
		9EB17D1325F8655F00DDE1C9 /* Frameworks */ = {
			isa = PBXFrameworksBuildPhase;
			buildActionMask = 2147483647;
			files = (
			);
			runOnlyForDeploymentPostprocessing = 0;
		};
		9EB17D2425F8656000DDE1C9 /* Frameworks */ = {
			isa = PBXFrameworksBuildPhase;
			buildActionMask = 2147483647;
			files = (
			);
			runOnlyForDeploymentPostprocessing = 0;
		};
		9EB17D2F25F8656000DDE1C9 /* Frameworks */ = {
			isa = PBXFrameworksBuildPhase;
			buildActionMask = 2147483647;
			files = (
			);
			runOnlyForDeploymentPostprocessing = 0;
		};
/* End PBXFrameworksBuildPhase section */

/* Begin PBXGroup section */
		9E99AAD125F9C24A00FC19BD /* Helpers */ = {
			isa = PBXGroup;
			children = (
				9ECBA50825F9BF98006E4D0B /* FavoriteButton.swift */,
				9EB17D4F25F939D500DDE1C9 /* CircleImage.swift */,
				9EB17D5725F93AC300DDE1C9 /* MapView.swift */,
			);
			path = Helpers;
			sourceTree = "<group>";
		};
		9E99AAF125FC1C1400FC19BD /* Badge */ = {
			isa = PBXGroup;
			children = (
				9E99AADA25FABD0C00FC19BD /* BadgeBackground.swift */,
				9E99AADF25FB340B00FC19BD /* BadgeSymbol.swift */,
				9E99AAD525FAB7FC00FC19BD /* HexagonParameters.swift */,
				9E99AAE425FB351000FC19BD /* RotatedBadgeSymbol.swift */,
				9E99AAEC25FC19CA00FC19BD /* Badge.swift */,
			);
			path = Badge;
			sourceTree = "<group>";
		};
		9E99AB0225FC235400FC19BD /* Hikes */ = {
			isa = PBXGroup;
			children = (
				9E99AB0325FC235400FC19BD /* GraphCapsule.swift */,
				9E99AB0425FC235400FC19BD /* HikeGraph.swift */,
				9E99AB0525FC235400FC19BD /* HikeDetail.swift */,
				9E99AB0625FC235400FC19BD /* HikeView.swift */,
				9EA7C6D325FC97E10001D6E7 /* HikeBadge.swift */,
			);
			path = Hikes;
			sourceTree = "<group>";
		};
		9EA7C6B025FC88720001D6E7 /* Categories */ = {
			isa = PBXGroup;
			children = (
				9EA7C6B125FC88820001D6E7 /* CategoryHome.swift */,
				9EA7C6B925FC8C920001D6E7 /* CategoryRow.swift */,
				9EA7C6BE25FC8E650001D6E7 /* CategoryItem.swift */,
			);
			path = Categories;
			sourceTree = "<group>";
		};
		9EA7C6C825FC95880001D6E7 /* Profiles */ = {
			isa = PBXGroup;
			children = (
				9EA7C6C925FC95E00001D6E7 /* ProfileHost.swift */,
				9EA7C6CE25FC96510001D6E7 /* ProfileSummary.swift */,
				9EA7C6D825FC9EBF0001D6E7 /* ProfileEditor.swift */,
			);
			path = Profiles;
			sourceTree = "<group>";
		};
		9EA7C6DD25FFE71C0001D6E7 /* PageView */ = {
			isa = PBXGroup;
			children = (
				9EA7C6DE25FFE7420001D6E7 /* PageViewController.swift */,
				9EA7C6EB260003690001D6E7 /* PageView.swift */,
				9EA7C6F026015F590001D6E7 /* PageControl.swift */,
			);
			path = PageView;
			sourceTree = "<group>";
		};
		9EB17D0D25F8655F00DDE1C9 = {
			isa = PBXGroup;
			children = (
				9EB17D1825F8655F00DDE1C9 /* Landmarks */,
				9EB17D2A25F8656000DDE1C9 /* LandmarksTests */,
				9EB17D3525F8656000DDE1C9 /* LandmarksUITests */,
				9EB17D1725F8655F00DDE1C9 /* Products */,
			);
			sourceTree = "<group>";
		};
		9EB17D1725F8655F00DDE1C9 /* Products */ = {
			isa = PBXGroup;
			children = (
				9EB17D1625F8655F00DDE1C9 /* Landmarks.app */,
				9EB17D2725F8656000DDE1C9 /* LandmarksTests.xctest */,
				9EB17D3225F8656000DDE1C9 /* LandmarksUITests.xctest */,
			);
			name = Products;
			sourceTree = "<group>";
		};
		9EB17D1825F8655F00DDE1C9 /* Landmarks */ = {
			isa = PBXGroup;
			children = (
				9EB17D1D25F8656000DDE1C9 /* Assets.xcassets */,
				9EB17D2225F8656000DDE1C9 /* Info.plist */,
				9EB17D1925F8655F00DDE1C9 /* LandmarksApp.swift */,
				9ECBA4EE25F961DD006E4D0B /* Models */,
				9EB17D1F25F8656000DDE1C9 /* Preview Content */,
				9ECBA4F225F961EB006E4D0B /* Resources */,
				9ECBA4EA25F961CA006E4D0B /* Views */,
			);
			path = Landmarks;
			sourceTree = "<group>";
		};
		9EB17D1F25F8656000DDE1C9 /* Preview Content */ = {
			isa = PBXGroup;
			children = (
				9EB17D2025F8656000DDE1C9 /* Preview Assets.xcassets */,
			);
			path = "Preview Content";
			sourceTree = "<group>";
		};
		9EB17D2A25F8656000DDE1C9 /* LandmarksTests */ = {
			isa = PBXGroup;
			children = (
				9EB17D2B25F8656000DDE1C9 /* LandmarksTests.swift */,
				9EB17D2D25F8656000DDE1C9 /* Info.plist */,
			);
			path = LandmarksTests;
			sourceTree = "<group>";
		};
		9EB17D3525F8656000DDE1C9 /* LandmarksUITests */ = {
			isa = PBXGroup;
			children = (
				9EB17D3625F8656000DDE1C9 /* LandmarksUITests.swift */,
				9EB17D3825F8656000DDE1C9 /* Info.plist */,
			);
			path = LandmarksUITests;
			sourceTree = "<group>";
		};
		9ECBA4EA25F961CA006E4D0B /* Views */ = {
			isa = PBXGroup;
			children = (
				9EA7C6DD25FFE71C0001D6E7 /* PageView */,
				9EA7C6C825FC95880001D6E7 /* Profiles */,
				9EA7C6B025FC88720001D6E7 /* Categories */,
				9E99AB0225FC235400FC19BD /* Hikes */,
				9E99AAF125FC1C1400FC19BD /* Badge */,
				9EB17D1B25F8655F00DDE1C9 /* ContentView.swift */,
				9E99AAD125F9C24A00FC19BD /* Helpers */,
				9ECBA50D25F9C101006E4D0B /* Landmarks */,
				9EA7C6E6260000690001D6E7 /* FeatureCard.swift */,
			);
			path = Views;
			sourceTree = "<group>";
		};
		9ECBA4EE25F961DD006E4D0B /* Models */ = {
			isa = PBXGroup;
			children = (
				9EA7C6C325FC946B0001D6E7 /* Profile.swift */,
				9E99AAFD25FC1E2A00FC19BD /* Hike.swift */,
				9ECBA4E025F95A4E006E4D0B /* Landmark.swift */,
				9ECBA4E525F95FB9006E4D0B /* ModelData.swift */,
			);
			path = Models;
			sourceTree = "<group>";
		};
		9ECBA4F225F961EB006E4D0B /* Resources */ = {
			isa = PBXGroup;
			children = (
				9E99AAF825FC1DE100FC19BD /* hikeData.json */,
				9ECBA4DB25F95A2F006E4D0B /* landmarkData.json */,
			);
			path = Resources;
			sourceTree = "<group>";
		};
		9ECBA50D25F9C101006E4D0B /* Landmarks */ = {
			isa = PBXGroup;
			children = (
				9E99AACC25F9C21D00FC19BD /* LandmarkRow.swift */,
				9ECBA4FE25F967D1006E4D0B /* LandmarkList.swift */,
				9ECBA50325F968F5006E4D0B /* LandmarkDetail.swift */,
			);
			path = Landmarks;
			sourceTree = "<group>";
		};
/* End PBXGroup section */

/* Begin PBXNativeTarget section */
		9EB17D1525F8655F00DDE1C9 /* Landmarks */ = {
			isa = PBXNativeTarget;
			buildConfigurationList = 9EB17D3B25F8656000DDE1C9 /* Build configuration list for PBXNativeTarget "Landmarks" */;
			buildPhases = (
				9EB17D1225F8655F00DDE1C9 /* Sources */,
				9EB17D1325F8655F00DDE1C9 /* Frameworks */,
				9EB17D1425F8655F00DDE1C9 /* Resources */,
			);
			buildRules = (
			);
			dependencies = (
			);
			name = Landmarks;
			productName = Landmarks;
			productReference = 9EB17D1625F8655F00DDE1C9 /* Landmarks.app */;
			productType = "com.apple.product-type.application";
		};
		9EB17D2625F8656000DDE1C9 /* LandmarksTests */ = {
			isa = PBXNativeTarget;
			buildConfigurationList = 9EB17D3E25F8656000DDE1C9 /* Build configuration list for PBXNativeTarget "LandmarksTests" */;
			buildPhases = (
				9EB17D2325F8656000DDE1C9 /* Sources */,
				9EB17D2425F8656000DDE1C9 /* Frameworks */,
				9EB17D2525F8656000DDE1C9 /* Resources */,
			);
			buildRules = (
			);
			dependencies = (
				9EB17D2925F8656000DDE1C9 /* PBXTargetDependency */,
			);
			name = LandmarksTests;
			productName = LandmarksTests;
			productReference = 9EB17D2725F8656000DDE1C9 /* LandmarksTests.xctest */;
			productType = "com.apple.product-type.bundle.unit-test";
		};
		9EB17D3125F8656000DDE1C9 /* LandmarksUITests */ = {
			isa = PBXNativeTarget;
			buildConfigurationList = 9EB17D4125F8656000DDE1C9 /* Build configuration list for PBXNativeTarget "LandmarksUITests" */;
			buildPhases = (
				9EB17D2E25F8656000DDE1C9 /* Sources */,
				9EB17D2F25F8656000DDE1C9 /* Frameworks */,
				9EB17D3025F8656000DDE1C9 /* Resources */,
			);
			buildRules = (
			);
			dependencies = (
				9EB17D3425F8656000DDE1C9 /* PBXTargetDependency */,
			);
			name = LandmarksUITests;
			productName = LandmarksUITests;
			productReference = 9EB17D3225F8656000DDE1C9 /* LandmarksUITests.xctest */;
			productType = "com.apple.product-type.bundle.ui-testing";
		};
/* End PBXNativeTarget section */

/* Begin PBXProject section */
		9EB17D0E25F8655F00DDE1C9 /* Project object */ = {
			isa = PBXProject;
			attributes = {
				LastSwiftUpdateCheck = 1240;
				LastUpgradeCheck = 1240;
				TargetAttributes = {
					9EB17D1525F8655F00DDE1C9 = {
						CreatedOnToolsVersion = 12.4;
					};
					9EB17D2625F8656000DDE1C9 = {
						CreatedOnToolsVersion = 12.4;
						TestTargetID = 9EB17D1525F8655F00DDE1C9;
					};
					9EB17D3125F8656000DDE1C9 = {
						CreatedOnToolsVersion = 12.4;
						TestTargetID = 9EB17D1525F8655F00DDE1C9;
					};
				};
			};
			buildConfigurationList = 9EB17D1125F8655F00DDE1C9 /* Build configuration list for PBXProject "Landmarks" */;
			compatibilityVersion = "Xcode 9.3";
			developmentRegion = en;
			hasScannedForEncodings = 0;
			knownRegions = (
				en,
				Base,
			);
			mainGroup = 9EB17D0D25F8655F00DDE1C9;
			productRefGroup = 9EB17D1725F8655F00DDE1C9 /* Products */;
			projectDirPath = "";
			projectRoot = "";
			targets = (
				9EB17D1525F8655F00DDE1C9 /* Landmarks */,
				9EB17D2625F8656000DDE1C9 /* LandmarksTests */,
				9EB17D3125F8656000DDE1C9 /* LandmarksUITests */,
			);
		};
/* End PBXProject section */

/* Begin PBXResourcesBuildPhase section */
		9EB17D1425F8655F00DDE1C9 /* Resources */ = {
			isa = PBXResourcesBuildPhase;
			buildActionMask = 2147483647;
			files = (
				9E99AAF925FC1DE100FC19BD /* hikeData.json in Resources */,
				9EB17D2125F8656000DDE1C9 /* Preview Assets.xcassets in Resources */,
				9EB17D1E25F8656000DDE1C9 /* Assets.xcassets in Resources */,
				9ECBA4DC25F95A2F006E4D0B /* landmarkData.json in Resources */,
			);
			runOnlyForDeploymentPostprocessing = 0;
		};
		9EB17D2525F8656000DDE1C9 /* Resources */ = {
			isa = PBXResourcesBuildPhase;
			buildActionMask = 2147483647;
			files = (
			);
			runOnlyForDeploymentPostprocessing = 0;
		};
		9EB17D3025F8656000DDE1C9 /* Resources */ = {
			isa = PBXResourcesBuildPhase;
			buildActionMask = 2147483647;
			files = (
			);
			runOnlyForDeploymentPostprocessing = 0;
		};
/* End PBXResourcesBuildPhase section */

/* Begin PBXSourcesBuildPhase section */
		9EB17D1225F8655F00DDE1C9 /* Sources */ = {
			isa = PBXSourcesBuildPhase;
			buildActionMask = 2147483647;
			files = (
				9EA7C6BA25FC8C920001D6E7 /* CategoryRow.swift in Sources */,
				9EA7C6C425FC946B0001D6E7 /* Profile.swift in Sources */,
				9EB17D5025F939D500DDE1C9 /* CircleImage.swift in Sources */,
				9EA7C6B225FC88820001D6E7 /* CategoryHome.swift in Sources */,
				9EA7C6E7260000690001D6E7 /* FeatureCard.swift in Sources */,
				9E99AB0825FC235400FC19BD /* HikeGraph.swift in Sources */,
				9E99AAED25FC19CA00FC19BD /* Badge.swift in Sources */,
				9EB17D5825F93AC300DDE1C9 /* MapView.swift in Sources */,
				9E99AB0725FC235400FC19BD /* GraphCapsule.swift in Sources */,
				9EB17D1C25F8655F00DDE1C9 /* ContentView.swift in Sources */,
				9EA7C6F126015F590001D6E7 /* PageControl.swift in Sources */,
				9ECBA50925F9BF98006E4D0B /* FavoriteButton.swift in Sources */,
				9EA7C6BF25FC8E650001D6E7 /* CategoryItem.swift in Sources */,
				9E99AB0925FC235400FC19BD /* HikeDetail.swift in Sources */,
				9EA7C6CF25FC96510001D6E7 /* ProfileSummary.swift in Sources */,
				9E99AAD625FAB7FC00FC19BD /* HexagonParameters.swift in Sources */,
				9EA7C6CA25FC95E00001D6E7 /* ProfileHost.swift in Sources */,
				9E99AAFE25FC1E2A00FC19BD /* Hike.swift in Sources */,
				9E99AAE525FB351000FC19BD /* RotatedBadgeSymbol.swift in Sources */,
				9EA7C6EC260003690001D6E7 /* PageView.swift in Sources */,
				9E99AAE025FB340B00FC19BD /* BadgeSymbol.swift in Sources */,
				9EA7C6D925FC9EBF0001D6E7 /* ProfileEditor.swift in Sources */,
				9ECBA4FF25F967D1006E4D0B /* LandmarkList.swift in Sources */,
				9E99AB0A25FC235400FC19BD /* HikeView.swift in Sources */,
				9ECBA50425F968F5006E4D0B /* LandmarkDetail.swift in Sources */,
				9EA7C6DF25FFE7420001D6E7 /* PageViewController.swift in Sources */,
				9E99AADB25FABD0C00FC19BD /* BadgeBackground.swift in Sources */,
				9EA7C6D425FC97E10001D6E7 /* HikeBadge.swift in Sources */,
				9EB17D1A25F8655F00DDE1C9 /* LandmarksApp.swift in Sources */,
				9ECBA4E125F95A4E006E4D0B /* Landmark.swift in Sources */,
				9E99AACD25F9C21D00FC19BD /* LandmarkRow.swift in Sources */,
				9ECBA4E625F95FB9006E4D0B /* ModelData.swift in Sources */,
			);
			runOnlyForDeploymentPostprocessing = 0;
		};
		9EB17D2325F8656000DDE1C9 /* Sources */ = {
			isa = PBXSourcesBuildPhase;
			buildActionMask = 2147483647;
			files = (
				9EB17D2C25F8656000DDE1C9 /* LandmarksTests.swift in Sources */,
			);
			runOnlyForDeploymentPostprocessing = 0;
		};
		9EB17D2E25F8656000DDE1C9 /* Sources */ = {
			isa = PBXSourcesBuildPhase;
			buildActionMask = 2147483647;
			files = (
				9EB17D3725F8656000DDE1C9 /* LandmarksUITests.swift in Sources */,
			);
			runOnlyForDeploymentPostprocessing = 0;
		};
/* End PBXSourcesBuildPhase section */

/* Begin PBXTargetDependency section */
		9EB17D2925F8656000DDE1C9 /* PBXTargetDependency */ = {
			isa = PBXTargetDependency;
			target = 9EB17D1525F8655F00DDE1C9 /* Landmarks */;
			targetProxy = 9EB17D2825F8656000DDE1C9 /* PBXContainerItemProxy */;
		};
		9EB17D3425F8656000DDE1C9 /* PBXTargetDependency */ = {
			isa = PBXTargetDependency;
			target = 9EB17D1525F8655F00DDE1C9 /* Landmarks */;
			targetProxy = 9EB17D3325F8656000DDE1C9 /* PBXContainerItemProxy */;
		};
/* End PBXTargetDependency section */

/* Begin XCBuildConfiguration section */
		9EB17D3925F8656000DDE1C9 /* Debug */ = {
			isa = XCBuildConfiguration;
			buildSettings = {
				ALWAYS_SEARCH_USER_PATHS = NO;
				CLANG_ANALYZER_NONNULL = YES;
				CLANG_ANALYZER_NUMBER_OBJECT_CONVERSION = YES_AGGRESSIVE;
				CLANG_CXX_LANGUAGE_STANDARD = "gnu++14";
				CLANG_CXX_LIBRARY = "libc++";
				CLANG_ENABLE_MODULES = YES;
				CLANG_ENABLE_OBJC_ARC = YES;
				CLANG_ENABLE_OBJC_WEAK = YES;
				CLANG_WARN_BLOCK_CAPTURE_AUTORELEASING = YES;
				CLANG_WARN_BOOL_CONVERSION = YES;
				CLANG_WARN_COMMA = YES;
				CLANG_WARN_CONSTANT_CONVERSION = YES;
				CLANG_WARN_DEPRECATED_OBJC_IMPLEMENTATIONS = YES;
				CLANG_WARN_DIRECT_OBJC_ISA_USAGE = YES_ERROR;
				CLANG_WARN_DOCUMENTATION_COMMENTS = YES;
				CLANG_WARN_EMPTY_BODY = YES;
				CLANG_WARN_ENUM_CONVERSION = YES;
				CLANG_WARN_INFINITE_RECURSION = YES;
				CLANG_WARN_INT_CONVERSION = YES;
				CLANG_WARN_NON_LITERAL_NULL_CONVERSION = YES;
				CLANG_WARN_OBJC_IMPLICIT_RETAIN_SELF = YES;
				CLANG_WARN_OBJC_LITERAL_CONVERSION = YES;
				CLANG_WARN_OBJC_ROOT_CLASS = YES_ERROR;
				CLANG_WARN_QUOTED_INCLUDE_IN_FRAMEWORK_HEADER = YES;
				CLANG_WARN_RANGE_LOOP_ANALYSIS = YES;
				CLANG_WARN_STRICT_PROTOTYPES = YES;
				CLANG_WARN_SUSPICIOUS_MOVE = YES;
				CLANG_WARN_UNGUARDED_AVAILABILITY = YES_AGGRESSIVE;
				CLANG_WARN_UNREACHABLE_CODE = YES;
				CLANG_WARN__DUPLICATE_METHOD_MATCH = YES;
				COPY_PHASE_STRIP = NO;
				DEBUG_INFORMATION_FORMAT = dwarf;
				ENABLE_STRICT_OBJC_MSGSEND = YES;
				ENABLE_TESTABILITY = YES;
				GCC_C_LANGUAGE_STANDARD = gnu11;
				GCC_DYNAMIC_NO_PIC = NO;
				GCC_NO_COMMON_BLOCKS = YES;
				GCC_OPTIMIZATION_LEVEL = 0;
				GCC_PREPROCESSOR_DEFINITIONS = (
					"DEBUG=1",
					"$(inherited)",
				);
				GCC_WARN_64_TO_32_BIT_CONVERSION = YES;
				GCC_WARN_ABOUT_RETURN_TYPE = YES_ERROR;
				GCC_WARN_UNDECLARED_SELECTOR = YES;
				GCC_WARN_UNINITIALIZED_AUTOS = YES_AGGRESSIVE;
				GCC_WARN_UNUSED_FUNCTION = YES;
				GCC_WARN_UNUSED_VARIABLE = YES;
				IPHONEOS_DEPLOYMENT_TARGET = 14.4;
				MTL_ENABLE_DEBUG_INFO = INCLUDE_SOURCE;
				MTL_FAST_MATH = YES;
				ONLY_ACTIVE_ARCH = YES;
				SDKROOT = iphoneos;
				SWIFT_ACTIVE_COMPILATION_CONDITIONS = DEBUG;
				SWIFT_OPTIMIZATION_LEVEL = "-Onone";
			};
			name = Debug;
		};
		9EB17D3A25F8656000DDE1C9 /* Release */ = {
			isa = XCBuildConfiguration;
			buildSettings = {
				ALWAYS_SEARCH_USER_PATHS = NO;
				CLANG_ANALYZER_NONNULL = YES;
				CLANG_ANALYZER_NUMBER_OBJECT_CONVERSION = YES_AGGRESSIVE;
				CLANG_CXX_LANGUAGE_STANDARD = "gnu++14";
				CLANG_CXX_LIBRARY = "libc++";
				CLANG_ENABLE_MODULES = YES;
				CLANG_ENABLE_OBJC_ARC = YES;
				CLANG_ENABLE_OBJC_WEAK = YES;
				CLANG_WARN_BLOCK_CAPTURE_AUTORELEASING = YES;
				CLANG_WARN_BOOL_CONVERSION = YES;
				CLANG_WARN_COMMA = YES;
				CLANG_WARN_CONSTANT_CONVERSION = YES;
				CLANG_WARN_DEPRECATED_OBJC_IMPLEMENTATIONS = YES;
				CLANG_WARN_DIRECT_OBJC_ISA_USAGE = YES_ERROR;
				CLANG_WARN_DOCUMENTATION_COMMENTS = YES;
				CLANG_WARN_EMPTY_BODY = YES;
				CLANG_WARN_ENUM_CONVERSION = YES;
				CLANG_WARN_INFINITE_RECURSION = YES;
				CLANG_WARN_INT_CONVERSION = YES;
				CLANG_WARN_NON_LITERAL_NULL_CONVERSION = YES;
				CLANG_WARN_OBJC_IMPLICIT_RETAIN_SELF = YES;
				CLANG_WARN_OBJC_LITERAL_CONVERSION = YES;
				CLANG_WARN_OBJC_ROOT_CLASS = YES_ERROR;
				CLANG_WARN_QUOTED_INCLUDE_IN_FRAMEWORK_HEADER = YES;
				CLANG_WARN_RANGE_LOOP_ANALYSIS = YES;
				CLANG_WARN_STRICT_PROTOTYPES = YES;
				CLANG_WARN_SUSPICIOUS_MOVE = YES;
				CLANG_WARN_UNGUARDED_AVAILABILITY = YES_AGGRESSIVE;
				CLANG_WARN_UNREACHABLE_CODE = YES;
				CLANG_WARN__DUPLICATE_METHOD_MATCH = YES;
				COPY_PHASE_STRIP = NO;
				DEBUG_INFORMATION_FORMAT = "dwarf-with-dsym";
				ENABLE_NS_ASSERTIONS = NO;
				ENABLE_STRICT_OBJC_MSGSEND = YES;
				GCC_C_LANGUAGE_STANDARD = gnu11;
				GCC_NO_COMMON_BLOCKS = YES;
				GCC_WARN_64_TO_32_BIT_CONVERSION = YES;
				GCC_WARN_ABOUT_RETURN_TYPE = YES_ERROR;
				GCC_WARN_UNDECLARED_SELECTOR = YES;
				GCC_WARN_UNINITIALIZED_AUTOS = YES_AGGRESSIVE;
				GCC_WARN_UNUSED_FUNCTION = YES;
				GCC_WARN_UNUSED_VARIABLE = YES;
				IPHONEOS_DEPLOYMENT_TARGET = 14.4;
				MTL_ENABLE_DEBUG_INFO = NO;
				MTL_FAST_MATH = YES;
				SDKROOT = iphoneos;
				SWIFT_COMPILATION_MODE = wholemodule;
				SWIFT_OPTIMIZATION_LEVEL = "-O";
				VALIDATE_PRODUCT = YES;
			};
			name = Release;
		};
		9EB17D3C25F8656000DDE1C9 /* Debug */ = {
			isa = XCBuildConfiguration;
			buildSettings = {
				ASSETCATALOG_COMPILER_APPICON_NAME = AppIcon;
				ASSETCATALOG_COMPILER_GLOBAL_ACCENT_COLOR_NAME = AccentColor;
				CODE_SIGN_STYLE = Automatic;
				DEVELOPMENT_ASSET_PATHS = "\"Landmarks/Preview Content\"";
				DEVELOPMENT_TEAM = Y4L6VVJ2L3;
				ENABLE_PREVIEWS = YES;
				INFOPLIST_FILE = Landmarks/Info.plist;
				IPHONEOS_DEPLOYMENT_TARGET = 14.0;
				LD_RUNPATH_SEARCH_PATHS = (
					"$(inherited)",
					"@executable_path/Frameworks",
				);
				PRODUCT_BUNDLE_IDENTIFIER = com.luckysevencorp.Landmarks;
				PRODUCT_NAME = "$(TARGET_NAME)";
				SWIFT_VERSION = 5.0;
				TARGETED_DEVICE_FAMILY = "1,2";
			};
			name = Debug;
		};
		9EB17D3D25F8656000DDE1C9 /* Release */ = {
			isa = XCBuildConfiguration;
			buildSettings = {
				ASSETCATALOG_COMPILER_APPICON_NAME = AppIcon;
				ASSETCATALOG_COMPILER_GLOBAL_ACCENT_COLOR_NAME = AccentColor;
				CODE_SIGN_STYLE = Automatic;
				DEVELOPMENT_ASSET_PATHS = "\"Landmarks/Preview Content\"";
				DEVELOPMENT_TEAM = Y4L6VVJ2L3;
				ENABLE_PREVIEWS = YES;
				INFOPLIST_FILE = Landmarks/Info.plist;
				IPHONEOS_DEPLOYMENT_TARGET = 14.0;
				LD_RUNPATH_SEARCH_PATHS = (
					"$(inherited)",
					"@executable_path/Frameworks",
				);
				PRODUCT_BUNDLE_IDENTIFIER = com.luckysevencorp.Landmarks;
				PRODUCT_NAME = "$(TARGET_NAME)";
				SWIFT_VERSION = 5.0;
				TARGETED_DEVICE_FAMILY = "1,2";
			};
			name = Release;
		};
		9EB17D3F25F8656000DDE1C9 /* Debug */ = {
			isa = XCBuildConfiguration;
			buildSettings = {
				ALWAYS_EMBED_SWIFT_STANDARD_LIBRARIES = YES;
				BUNDLE_LOADER = "$(TEST_HOST)";
				CODE_SIGN_STYLE = Automatic;
				DEVELOPMENT_TEAM = Y4L6VVJ2L3;
				INFOPLIST_FILE = LandmarksTests/Info.plist;
				IPHONEOS_DEPLOYMENT_TARGET = 14.0;
				LD_RUNPATH_SEARCH_PATHS = (
					"$(inherited)",
					"@executable_path/Frameworks",
					"@loader_path/Frameworks",
				);
				PRODUCT_BUNDLE_IDENTIFIER = com.luckysevencorp.LandmarksTests;
				PRODUCT_NAME = "$(TARGET_NAME)";
				SWIFT_VERSION = 5.0;
				TARGETED_DEVICE_FAMILY = "1,2";
				TEST_HOST = "$(BUILT_PRODUCTS_DIR)/Landmarks.app/Landmarks";
			};
			name = Debug;
		};
		9EB17D4025F8656000DDE1C9 /* Release */ = {
			isa = XCBuildConfiguration;
			buildSettings = {
				ALWAYS_EMBED_SWIFT_STANDARD_LIBRARIES = YES;
				BUNDLE_LOADER = "$(TEST_HOST)";
				CODE_SIGN_STYLE = Automatic;
				DEVELOPMENT_TEAM = Y4L6VVJ2L3;
				INFOPLIST_FILE = LandmarksTests/Info.plist;
				IPHONEOS_DEPLOYMENT_TARGET = 14.0;
				LD_RUNPATH_SEARCH_PATHS = (
					"$(inherited)",
					"@executable_path/Frameworks",
					"@loader_path/Frameworks",
				);
				PRODUCT_BUNDLE_IDENTIFIER = com.luckysevencorp.LandmarksTests;
				PRODUCT_NAME = "$(TARGET_NAME)";
				SWIFT_VERSION = 5.0;
				TARGETED_DEVICE_FAMILY = "1,2";
				TEST_HOST = "$(BUILT_PRODUCTS_DIR)/Landmarks.app/Landmarks";
			};
			name = Release;
		};
		9EB17D4225F8656000DDE1C9 /* Debug */ = {
			isa = XCBuildConfiguration;
			buildSettings = {
				ALWAYS_EMBED_SWIFT_STANDARD_LIBRARIES = YES;
				CODE_SIGN_STYLE = Automatic;
				DEVELOPMENT_TEAM = Y4L6VVJ2L3;
				INFOPLIST_FILE = LandmarksUITests/Info.plist;
				LD_RUNPATH_SEARCH_PATHS = (
					"$(inherited)",
					"@executable_path/Frameworks",
					"@loader_path/Frameworks",
				);
				PRODUCT_BUNDLE_IDENTIFIER = com.luckysevencorp.LandmarksUITests;
				PRODUCT_NAME = "$(TARGET_NAME)";
				SWIFT_VERSION = 5.0;
				TARGETED_DEVICE_FAMILY = "1,2";
				TEST_TARGET_NAME = Landmarks;
			};
			name = Debug;
		};
		9EB17D4325F8656000DDE1C9 /* Release */ = {
			isa = XCBuildConfiguration;
			buildSettings = {
				ALWAYS_EMBED_SWIFT_STANDARD_LIBRARIES = YES;
				CODE_SIGN_STYLE = Automatic;
				DEVELOPMENT_TEAM = Y4L6VVJ2L3;
				INFOPLIST_FILE = LandmarksUITests/Info.plist;
				LD_RUNPATH_SEARCH_PATHS = (
					"$(inherited)",
					"@executable_path/Frameworks",
					"@loader_path/Frameworks",
				);
				PRODUCT_BUNDLE_IDENTIFIER = com.luckysevencorp.LandmarksUITests;
				PRODUCT_NAME = "$(TARGET_NAME)";
				SWIFT_VERSION = 5.0;
				TARGETED_DEVICE_FAMILY = "1,2";
				TEST_TARGET_NAME = Landmarks;
			};
			name = Release;
		};
/* End XCBuildConfiguration section */

/* Begin XCConfigurationList section */
		9EB17D1125F8655F00DDE1C9 /* Build configuration list for PBXProject "Landmarks" */ = {
			isa = XCConfigurationList;
			buildConfigurations = (
				9EB17D3925F8656000DDE1C9 /* Debug */,
				9EB17D3A25F8656000DDE1C9 /* Release */,
			);
			defaultConfigurationIsVisible = 0;
			defaultConfigurationName = Release;
		};
		9EB17D3B25F8656000DDE1C9 /* Build configuration list for PBXNativeTarget "Landmarks" */ = {
			isa = XCConfigurationList;
			buildConfigurations = (
				9EB17D3C25F8656000DDE1C9 /* Debug */,
				9EB17D3D25F8656000DDE1C9 /* Release */,
			);
			defaultConfigurationIsVisible = 0;
			defaultConfigurationName = Release;
		};
		9EB17D3E25F8656000DDE1C9 /* Build configuration list for PBXNativeTarget "LandmarksTests" */ = {
			isa = XCConfigurationList;
			buildConfigurations = (
				9EB17D3F25F8656000DDE1C9 /* Debug */,
				9EB17D4025F8656000DDE1C9 /* Release */,
			);
			defaultConfigurationIsVisible = 0;
			defaultConfigurationName = Release;
		};
		9EB17D4125F8656000DDE1C9 /* Build configuration list for PBXNativeTarget "LandmarksUITests" */ = {
			isa = XCConfigurationList;
			buildConfigurations = (
				9EB17D4225F8656000DDE1C9 /* Debug */,
				9EB17D4325F8656000DDE1C9 /* Release */,
			);
			defaultConfigurationIsVisible = 0;
			defaultConfigurationName = Release;
		};
/* End XCConfigurationList section */
	};
	rootObject = 9EB17D0E25F8655F00DDE1C9 /* Project object */;
}
